
Microsoft Visual Studio Solution File, Format Version 12.00
# Visual Studio Version 16
VisualStudioVersion = 16.0.31729.503
MinimumVisualStudioVersion = 10.0.40219.1
Project("{9A19103F-16F7-4668-BE54-9A1E7A4F7556}") = "Dislinkt.Notifications", "Dislinkt.Notifications\Dislinkt.Notifications.csproj", "{7B9366FC-F492-475A-BA2E-9D6E0FA5CA20}"
EndProject
Project("{9A19103F-16F7-4668-BE54-9A1E7A4F7556}") = "GrpcService", "GrpcService\GrpcService.csproj", "{3F79A8F9-3069-4501-9AEF-8BE7A9C996E1}"
EndProject
Project("{E53339B2-1760-4266-BCC7-CA923CBCF16C}") = "docker-compose", "docker-compose.dcproj", "{75B3B1B9-C2E7-4040-A6BF-6E24462D1F53}"
EndProject
Global
	GlobalSection(SolutionConfigurationPlatforms) = preSolution
		Debug|Any CPU = Debug|Any CPU
		Release|Any CPU = Release|Any CPU
	EndGlobalSection
	GlobalSection(ProjectConfigurationPlatforms) = postSolution
		{7B9366FC-F492-475A-BA2E-9D6E0FA5CA20}.Debug|Any CPU.ActiveCfg = Debug|Any CPU
		{7B9366FC-F492-475A-BA2E-9D6E0FA5CA20}.Debug|Any CPU.Build.0 = Debug|Any CPU
		{7B9366FC-F492-475A-BA2E-9D6E0FA5CA20}.Release|Any CPU.ActiveCfg = Release|Any CPU
		{7B9366FC-F492-475A-BA2E-9D6E0FA5CA20}.Release|Any CPU.Build.0 = Release|Any CPU
		{3F79A8F9-3069-4501-9AEF-8BE7A9C996E1}.Debug|Any CPU.ActiveCfg = Debug|Any CPU
		{3F79A8F9-3069-4501-9AEF-8BE7A9C996E1}.Debug|Any CPU.Build.0 = Debug|Any CPU
		{3F79A8F9-3069-4501-9AEF-8BE7A9C996E1}.Release|Any CPU.ActiveCfg = Release|Any CPU
		{3F79A8F9-3069-4501-9AEF-8BE7A9C996E1}.Release|Any CPU.Build.0 = Release|Any CPU
		{75B3B1B9-C2E7-4040-A6BF-6E24462D1F53}.Debug|Any CPU.ActiveCfg = Debug|Any CPU
		{75B3B1B9-C2E7-4040-A6BF-6E24462D1F53}.Debug|Any CPU.Build.0 = Debug|Any CPU
		{75B3B1B9-C2E7-4040-A6BF-6E24462D1F53}.Release|Any CPU.ActiveCfg = Release|Any CPU
		{75B3B1B9-C2E7-4040-A6BF-6E24462D1F53}.Release|Any CPU.Build.0 = Release|Any CPU
	EndGlobalSection
	GlobalSection(SolutionProperties) = preSolution
		HideSolutionNode = FALSE
	EndGlobalSection
	GlobalSection(ExtensibilityGlobals) = postSolution
		SolutionGuid = {7E8C8058-46F1-41D2-8587-A9B09FDDA1BC}
	EndGlobalSection
EndGlobal
